
Microsoft Visual Studio Solution File, Format Version 12.00
# Visual Studio 14
VisualStudioVersion = 14.0.25420.1
MinimumVisualStudioVersion = 10.0.40219.1
Project("{FAE04EC0-301F-11D3-BF4B-00C04F79EFBC}") = "Z3950Test", "Z3950Test\Z3950Test.csproj", "{B38DA88B-AECD-43EE-91E3-D823E881B1A9}"
EndProject
Project("{FAE04EC0-301F-11D3-BF4B-00C04F79EFBC}") = "Z3950", "..\..\ClientZ3950-master\Z3950\Z3950.csproj", "{040F21F2-0953-4D2D-A058-4CBD315842CA}"
EndProject
Global
	GlobalSection(SolutionConfigurationPlatforms) = preSolution
		Debug|Any CPU = Debug|Any CPU
		Release|Any CPU = Release|Any CPU
	EndGlobalSection
	GlobalSection(ProjectConfigurationPlatforms) = postSolution
		{B38DA88B-AECD-43EE-91E3-D823E881B1A9}.Debug|Any CPU.ActiveCfg = Debug|Any CPU
		{B38DA88B-AECD-43EE-91E3-D823E881B1A9}.Debug|Any CPU.Build.0 = Debug|Any CPU
		{B38DA88B-AECD-43EE-91E3-D823E881B1A9}.Release|Any CPU.ActiveCfg = Release|Any CPU
		{B38DA88B-AECD-43EE-91E3-D823E881B1A9}.Release|Any CPU.Build.0 = Release|Any CPU
		{040F21F2-0953-4D2D-A058-4CBD315842CA}.Debug|Any CPU.ActiveCfg = Debug|Any CPU
		{040F21F2-0953-4D2D-A058-4CBD315842CA}.Debug|Any CPU.Build.0 = Debug|Any CPU
		{040F21F2-0953-4D2D-A058-4CBD315842CA}.Release|Any CPU.ActiveCfg = Release|Any CPU
		{040F21F2-0953-4D2D-A058-4CBD315842CA}.Release|Any CPU.Build.0 = Release|Any CPU
	EndGlobalSection
	GlobalSection(SolutionProperties) = preSolution
		HideSolutionNode = FALSE
	EndGlobalSection
EndGlobal
